
Microsoft Visual Studio Solution File, Format Version 12.00
# Visual Studio Version 17
VisualStudioVersion = 17.6.33815.320
MinimumVisualStudioVersion = 10.0.40219.1
Project("{FAE04EC0-301F-11D3-BF4B-00C04F79EFBC}") = "WebCineflex", "WebCineflex.csproj", "{A4444C47-1964-49E5-8101-9CFAC49CCBCE}"
EndProject
Global
	GlobalSection(SolutionConfigurationPlatforms) = preSolution
		Debug|Any CPU = Debug|Any CPU
		Release|Any CPU = Release|Any CPU
	EndGlobalSection
	GlobalSection(ProjectConfigurationPlatforms) = postSolution
		{A4444C47-1964-49E5-8101-9CFAC49CCBCE}.Debug|Any CPU.ActiveCfg = Debug|Any CPU
		{A4444C47-1964-49E5-8101-9CFAC49CCBCE}.Debug|Any CPU.Build.0 = Debug|Any CPU
		{A4444C47-1964-49E5-8101-9CFAC49CCBCE}.Release|Any CPU.ActiveCfg = Release|Any CPU
		{A4444C47-1964-49E5-8101-9CFAC49CCBCE}.Release|Any CPU.Build.0 = Release|Any CPU
	EndGlobalSection
	GlobalSection(SolutionProperties) = preSolution
		HideSolutionNode = FALSE
	EndGlobalSection
	GlobalSection(ExtensibilityGlobals) = postSolution
		SolutionGuid = {D0B993AD-7BB9-4845-91E1-6DD0D199AEB2}
	EndGlobalSection
EndGlobal
